// !$*UTF8*$!
{
	archiveVersion = 1;
	classes = {
	};
	objectVersion = 46;
	objects = {

/* Begin PBXBuildFile section */
		491F95B41D93561300CB50E6 /* AppDelegate.swift in Sources */ = {isa = PBXBuildFile; fileRef = 491F95B31D93561300CB50E6 /* AppDelegate.swift */; };
		491F95B61D93561300CB50E6 /* ViewController.swift in Sources */ = {isa = PBXBuildFile; fileRef = 491F95B51D93561300CB50E6 /* ViewController.swift */; };
		491F95B91D93561300CB50E6 /* Main.storyboard in Resources */ = {isa = PBXBuildFile; fileRef = 491F95B71D93561300CB50E6 /* Main.storyboard */; };
		491F95BC1D93561300CB50E6 /* rssapp.xcdatamodeld in Sources */ = {isa = PBXBuildFile; fileRef = 491F95BA1D93561300CB50E6 /* rssapp.xcdatamodeld */; };
		491F95BE1D93561300CB50E6 /* Assets.xcassets in Resources */ = {isa = PBXBuildFile; fileRef = 491F95BD1D93561300CB50E6 /* Assets.xcassets */; };
		491F95C11D93561300CB50E6 /* LaunchScreen.storyboard in Resources */ = {isa = PBXBuildFile; fileRef = 491F95BF1D93561300CB50E6 /* LaunchScreen.storyboard */; };
		491F95CC1D93561300CB50E6 /* rssappTests.swift in Sources */ = {isa = PBXBuildFile; fileRef = 491F95CB1D93561300CB50E6 /* rssappTests.swift */; };
		491F95D71D93561300CB50E6 /* rssappUITests.swift in Sources */ = {isa = PBXBuildFile; fileRef = 491F95D61D93561300CB50E6 /* rssappUITests.swift */; };
/* End PBXBuildFile section */

/* Begin PBXContainerItemProxy section */
		491F95C81D93561300CB50E6 /* PBXContainerItemProxy */ = {
			isa = PBXContainerItemProxy;
			containerPortal = 491F95A81D93561300CB50E6 /* Project object */;
			proxyType = 1;
			remoteGlobalIDString = 491F95AF1D93561300CB50E6;
			remoteInfo = rssapp;
		};
		491F95D31D93561300CB50E6 /* PBXContainerItemProxy */ = {
			isa = PBXContainerItemProxy;
			containerPortal = 491F95A81D93561300CB50E6 /* Project object */;
			proxyType = 1;
			remoteGlobalIDString = 491F95AF1D93561300CB50E6;
			remoteInfo = rssapp;
		};
/* End PBXContainerItemProxy section */

/* Begin PBXFileReference section */
		491F95B01D93561300CB50E6 /* rssapp.app */ = {isa = PBXFileReference; explicitFileType = wrapper.application; includeInIndex = 0; path = rssapp.app; sourceTree = BUILT_PRODUCTS_DIR; };
		491F95B31D93561300CB50E6 /* AppDelegate.swift */ = {isa = PBXFileReference; lastKnownFileType = sourcecode.swift; path = AppDelegate.swift; sourceTree = "<group>"; };
		491F95B51D93561300CB50E6 /* ViewController.swift */ = {isa = PBXFileReference; lastKnownFileType = sourcecode.swift; path = ViewController.swift; sourceTree = "<group>"; };
		491F95B81D93561300CB50E6 /* Base */ = {isa = PBXFileReference; lastKnownFileType = file.storyboard; name = Base; path = Base.lproj/Main.storyboard; sourceTree = "<group>"; };
		491F95BB1D93561300CB50E6 /* rssapp.xcdatamodel */ = {isa = PBXFileReference; lastKnownFileType = wrapper.xcdatamodel; path = rssapp.xcdatamodel; sourceTree = "<group>"; };
		491F95BD1D93561300CB50E6 /* Assets.xcassets */ = {isa = PBXFileReference; lastKnownFileType = folder.assetcatalog; path = Assets.xcassets; sourceTree = "<group>"; };
		491F95C01D93561300CB50E6 /* Base */ = {isa = PBXFileReference; lastKnownFileType = file.storyboard; name = Base; path = Base.lproj/LaunchScreen.storyboard; sourceTree = "<group>"; };
		491F95C21D93561300CB50E6 /* Info.plist */ = {isa = PBXFileReference; lastKnownFileType = text.plist.xml; path = Info.plist; sourceTree = "<group>"; };
		491F95C71D93561300CB50E6 /* rssappTests.xctest */ = {isa = PBXFileReference; explicitFileType = wrapper.cfbundle; includeInIndex = 0; path = rssappTests.xctest; sourceTree = BUILT_PRODUCTS_DIR; };
		491F95CB1D93561300CB50E6 /* rssappTests.swift */ = {isa = PBXFileReference; lastKnownFileType = sourcecode.swift; path = rssappTests.swift; sourceTree = "<group>"; };
		491F95CD1D93561300CB50E6 /* Info.plist */ = {isa = PBXFileReference; lastKnownFileType = text.plist.xml; path = Info.plist; sourceTree = "<group>"; };
		491F95D21D93561300CB50E6 /* rssappUITests.xctest */ = {isa = PBXFileReference; explicitFileType = wrapper.cfbundle; includeInIndex = 0; path = rssappUITests.xctest; sourceTree = BUILT_PRODUCTS_DIR; };
		491F95D61D93561300CB50E6 /* rssappUITests.swift */ = {isa = PBXFileReference; lastKnownFileType = sourcecode.swift; path = rssappUITests.swift; sourceTree = "<group>"; };
		491F95D81D93561300CB50E6 /* Info.plist */ = {isa = PBXFileReference; lastKnownFileType = text.plist.xml; path = Info.plist; sourceTree = "<group>"; };
/* End PBXFileReference section */

/* Begin PBXFrameworksBuildPhase section */
		491F95AD1D93561300CB50E6 /* Frameworks */ = {
			isa = PBXFrameworksBuildPhase;
			buildActionMask = 2147483647;
			files = (
			);
			runOnlyForDeploymentPostprocessing = 0;
		};
		491F95C41D93561300CB50E6 /* Frameworks */ = {
			isa = PBXFrameworksBuildPhase;
			buildActionMask = 2147483647;
			files = (
			);
			runOnlyForDeploymentPostprocessing = 0;
		};
		491F95CF1D93561300CB50E6 /* Frameworks */ = {
			isa = PBXFrameworksBuildPhase;
			buildActionMask = 2147483647;
			files = (
			);
			runOnlyForDeploymentPostprocessing = 0;
		};
/* End PBXFrameworksBuildPhase section */

/* Begin PBXGroup section */
		491F95A71D93561300CB50E6 = {
			isa = PBXGroup;
			children = (
				491F95B21D93561300CB50E6 /* rssapp */,
				491F95CA1D93561300CB50E6 /* rssappTests */,
				491F95D51D93561300CB50E6 /* rssappUITests */,
				491F95B11D93561300CB50E6 /* Products */,
			);
			sourceTree = "<group>";
		};
		491F95B11D93561300CB50E6 /* Products */ = {
			isa = PBXGroup;
			children = (
				491F95B01D93561300CB50E6 /* rssapp.app */,
				491F95C71D93561300CB50E6 /* rssappTests.xctest */,
				491F95D21D93561300CB50E6 /* rssappUITests.xctest */,
			);
			name = Products;
			sourceTree = "<group>";
		};
		491F95B21D93561300CB50E6 /* rssapp */ = {
			isa = PBXGroup;
			children = (
				491F95B31D93561300CB50E6 /* AppDelegate.swift */,
				491F95B51D93561300CB50E6 /* ViewController.swift */,
				491F95B71D93561300CB50E6 /* Main.storyboard */,
				491F95BD1D93561300CB50E6 /* Assets.xcassets */,
				491F95BF1D93561300CB50E6 /* LaunchScreen.storyboard */,
				491F95C21D93561300CB50E6 /* Info.plist */,
				491F95BA1D93561300CB50E6 /* rssapp.xcdatamodeld */,
			);
			path = rssapp;
			sourceTree = "<group>";
		};
		491F95CA1D93561300CB50E6 /* rssappTests */ = {
			isa = PBXGroup;
			children = (
				491F95CB1D93561300CB50E6 /* rssappTests.swift */,
				491F95CD1D93561300CB50E6 /* Info.plist */,
			);
			path = rssappTests;
			sourceTree = "<group>";
		};
		491F95D51D93561300CB50E6 /* rssappUITests */ = {
			isa = PBXGroup;
			children = (
				491F95D61D93561300CB50E6 /* rssappUITests.swift */,
				491F95D81D93561300CB50E6 /* Info.plist */,
			);
			path = rssappUITests;
			sourceTree = "<group>";
		};
/* End PBXGroup section */

/* Begin PBXNativeTarget section */
		491F95AF1D93561300CB50E6 /* rssapp */ = {
			isa = PBXNativeTarget;
			buildConfigurationList = 491F95DB1D93561300CB50E6 /* Build configuration list for PBXNativeTarget "rssapp" */;
			buildPhases = (
				491F95AC1D93561300CB50E6 /* Sources */,
				491F95AD1D93561300CB50E6 /* Frameworks */,
				491F95AE1D93561300CB50E6 /* Resources */,
			);
			buildRules = (
			);
			dependencies = (
			);
			name = rssapp;
			productName = rssapp;
			productReference = 491F95B01D93561300CB50E6 /* rssapp.app */;
			productType = "com.apple.product-type.application";
		};
		491F95C61D93561300CB50E6 /* rssappTests */ = {
			isa = PBXNativeTarget;
			buildConfigurationList = 491F95DE1D93561300CB50E6 /* Build configuration list for PBXNativeTarget "rssappTests" */;
			buildPhases = (
				491F95C31D93561300CB50E6 /* Sources */,
				491F95C41D93561300CB50E6 /* Frameworks */,
				491F95C51D93561300CB50E6 /* Resources */,
			);
			buildRules = (
			);
			dependencies = (
				491F95C91D93561300CB50E6 /* PBXTargetDependency */,
			);
			name = rssappTests;
			productName = rssappTests;
			productReference = 491F95C71D93561300CB50E6 /* rssappTests.xctest */;
			productType = "com.apple.product-type.bundle.unit-test";
		};
		491F95D11D93561300CB50E6 /* rssappUITests */ = {
			isa = PBXNativeTarget;
			buildConfigurationList = 491F95E11D93561300CB50E6 /* Build configuration list for PBXNativeTarget "rssappUITests" */;
			buildPhases = (
				491F95CE1D93561300CB50E6 /* Sources */,
				491F95CF1D93561300CB50E6 /* Frameworks */,
				491F95D01D93561300CB50E6 /* Resources */,
			);
			buildRules = (
			);
			dependencies = (
				491F95D41D93561300CB50E6 /* PBXTargetDependency */,
			);
			name = rssappUITests;
			productName = rssappUITests;
			productReference = 491F95D21D93561300CB50E6 /* rssappUITests.xctest */;
			productType = "com.apple.product-type.bundle.ui-testing";
		};
/* End PBXNativeTarget section */

/* Begin PBXProject section */
		491F95A81D93561300CB50E6 /* Project object */ = {
			isa = PBXProject;
			attributes = {
				LastSwiftUpdateCheck = 0730;
				LastUpgradeCheck = 0730;
				ORGANIZATIONNAME = "Landward Lemon Technologies";
				TargetAttributes = {
					491F95AF1D93561300CB50E6 = {
						CreatedOnToolsVersion = 7.3.1;
					};
					491F95C61D93561300CB50E6 = {
						CreatedOnToolsVersion = 7.3.1;
						TestTargetID = 491F95AF1D93561300CB50E6;
					};
					491F95D11D93561300CB50E6 = {
						CreatedOnToolsVersion = 7.3.1;
						TestTargetID = 491F95AF1D93561300CB50E6;
					};
				};
			};
			buildConfigurationList = 491F95AB1D93561300CB50E6 /* Build configuration list for PBXProject "rssapp" */;
			compatibilityVersion = "Xcode 3.2";
			developmentRegion = English;
			hasScannedForEncodings = 0;
			knownRegions = (
				en,
				Base,
			);
			mainGroup = 491F95A71D93561300CB50E6;
			productRefGroup = 491F95B11D93561300CB50E6 /* Products */;
			projectDirPath = "";
			projectRoot = "";
			targets = (
				491F95AF1D93561300CB50E6 /* rssapp */,
				491F95C61D93561300CB50E6 /* rssappTests */,
				491F95D11D93561300CB50E6 /* rssappUITests */,
			);
		};
/* End PBXProject section */

/* Begin PBXResourcesBuildPhase section */
		491F95AE1D93561300CB50E6 /* Resources */ = {
			isa = PBXResourcesBuildPhase;
			buildActionMask = 2147483647;
			files = (
				491F95C11D93561300CB50E6 /* LaunchScreen.storyboard in Resources */,
				491F95BE1D93561300CB50E6 /* Assets.xcassets in Resources */,
				491F95B91D93561300CB50E6 /* Main.storyboard in Resources */,
			);
			runOnlyForDeploymentPostprocessing = 0;
		};
		491F95C51D93561300CB50E6 /* Resources */ = {
			isa = PBXResourcesBuildPhase;
			buildActionMask = 2147483647;
			files = (
			);
			runOnlyForDeploymentPostprocessing = 0;
		};
		491F95D01D93561300CB50E6 /* Resources */ = {
			isa = PBXResourcesBuildPhase;
			buildActionMask = 2147483647;
			files = (
			);
			runOnlyForDeploymentPostprocessing = 0;
		};
/* End PBXResourcesBuildPhase section */

/* Begin PBXSourcesBuildPhase section */
		491F95AC1D93561300CB50E6 /* Sources */ = {
			isa = PBXSourcesBuildPhase;
			buildActionMask = 2147483647;
			files = (
				491F95B61D93561300CB50E6 /* ViewController.swift in Sources */,
				491F95BC1D93561300CB50E6 /* rssapp.xcdatamodeld in Sources */,
				491F95B41D93561300CB50E6 /* AppDelegate.swift in Sources */,
			);
			runOnlyForDeploymentPostprocessing = 0;
		};
		491F95C31D93561300CB50E6 /* Sources */ = {
			isa = PBXSourcesBuildPhase;
			buildActionMask = 2147483647;
			files = (
				491F95CC1D93561300CB50E6 /* rssappTests.swift in Sources */,
			);
			runOnlyForDeploymentPostprocessing = 0;
		};
		491F95CE1D93561300CB50E6 /* Sources */ = {
			isa = PBXSourcesBuildPhase;
			buildActionMask = 2147483647;
			files = (
				491F95D71D93561300CB50E6 /* rssappUITests.swift in Sources */,
			);
			runOnlyForDeploymentPostprocessing = 0;
		};
/* End PBXSourcesBuildPhase section */

/* Begin PBXTargetDependency section */
		491F95C91D93561300CB50E6 /* PBXTargetDependency */ = {
			isa = PBXTargetDependency;
			target = 491F95AF1D93561300CB50E6 /* rssapp */;
			targetProxy = 491F95C81D93561300CB50E6 /* PBXContainerItemProxy */;
		};
		491F95D41D93561300CB50E6 /* PBXTargetDependency */ = {
			isa = PBXTargetDependency;
			target = 491F95AF1D93561300CB50E6 /* rssapp */;
			targetProxy = 491F95D31D93561300CB50E6 /* PBXContainerItemProxy */;
		};
/* End PBXTargetDependency section */

/* Begin PBXVariantGroup section */
		491F95B71D93561300CB50E6 /* Main.storyboard */ = {
			isa = PBXVariantGroup;
			children = (
				491F95B81D93561300CB50E6 /* Base */,
			);
			name = Main.storyboard;
			sourceTree = "<group>";
		};
		491F95BF1D93561300CB50E6 /* LaunchScreen.storyboard */ = {
			isa = PBXVariantGroup;
			children = (
				491F95C01D93561300CB50E6 /* Base */,
			);
			name = LaunchScreen.storyboard;
			sourceTree = "<group>";
		};
/* End PBXVariantGroup section */

/* Begin XCBuildConfiguration section */
		491F95D91D93561300CB50E6 /* Debug */ = {
			isa = XCBuildConfiguration;
			buildSettings = {
				ALWAYS_SEARCH_USER_PATHS = NO;
				CLANG_ANALYZER_NONNULL = YES;
				CLANG_CXX_LANGUAGE_STANDARD = "gnu++0x";
				CLANG_CXX_LIBRARY = "libc++";
				CLANG_ENABLE_MODULES = YES;
				CLANG_ENABLE_OBJC_ARC = YES;
				CLANG_WARN_BOOL_CONVERSION = YES;
				CLANG_WARN_CONSTANT_CONVERSION = YES;
				CLANG_WARN_DIRECT_OBJC_ISA_USAGE = YES_ERROR;
				CLANG_WARN_EMPTY_BODY = YES;
				CLANG_WARN_ENUM_CONVERSION = YES;
				CLANG_WARN_INT_CONVERSION = YES;
				CLANG_WARN_OBJC_ROOT_CLASS = YES_ERROR;
				CLANG_WARN_UNREACHABLE_CODE = YES;
				CLANG_WARN__DUPLICATE_METHOD_MATCH = YES;
				"CODE_SIGN_IDENTITY[sdk=iphoneos*]" = "iPhone Developer";
				COPY_PHASE_STRIP = NO;
				DEBUG_INFORMATION_FORMAT = dwarf;
				ENABLE_STRICT_OBJC_MSGSEND = YES;
				ENABLE_TESTABILITY = YES;
				GCC_C_LANGUAGE_STANDARD = gnu99;
				GCC_DYNAMIC_NO_PIC = NO;
				GCC_NO_COMMON_BLOCKS = YES;
				GCC_OPTIMIZATION_LEVEL = 0;
				GCC_PREPROCESSOR_DEFINITIONS = (
					"DEBUG=1",
					"$(inherited)",
				);
				GCC_WARN_64_TO_32_BIT_CONVERSION = YES;
				GCC_WARN_ABOUT_RETURN_TYPE = YES_ERROR;
				GCC_WARN_UNDECLARED_SELECTOR = YES;
				GCC_WARN_UNINITIALIZED_AUTOS = YES_AGGRESSIVE;
				GCC_WARN_UNUSED_FUNCTION = YES;
				GCC_WARN_UNUSED_VARIABLE = YES;
				IPHONEOS_DEPLOYMENT_TARGET = 9.3;
				MTL_ENABLE_DEBUG_INFO = YES;
				ONLY_ACTIVE_ARCH = YES;
				SDKROOT = iphoneos;
				SWIFT_OPTIMIZATION_LEVEL = "-Onone";
				TARGETED_DEVICE_FAMILY = "1,2";
			};
			name = Debug;
		};
		491F95DA1D93561300CB50E6 /* Release */ = {
			isa = XCBuildConfiguration;
			buildSettings = {
				ALWAYS_SEARCH_USER_PATHS = NO;
				CLANG_ANALYZER_NONNULL = YES;
				CLANG_CXX_LANGUAGE_STANDARD = "gnu++0x";
				CLANG_CXX_LIBRARY = "libc++";
				CLANG_ENABLE_MODULES = YES;
				CLANG_ENABLE_OBJC_ARC = YES;
				CLANG_WARN_BOOL_CONVERSION = YES;
				CLANG_WARN_CONSTANT_CONVERSION = YES;
				CLANG_WARN_DIRECT_OBJC_ISA_USAGE = YES_ERROR;
				CLANG_WARN_EMPTY_BODY = YES;
				CLANG_WARN_ENUM_CONVERSION = YES;
				CLANG_WARN_INT_CONVERSION = YES;
				CLANG_WARN_OBJC_ROOT_CLASS = YES_ERROR;
				CLANG_WARN_UNREACHABLE_CODE = YES;
				CLANG_WARN__DUPLICATE_METHOD_MATCH = YES;
				"CODE_SIGN_IDENTITY[sdk=iphoneos*]" = "iPhone Developer";
				COPY_PHASE_STRIP = NO;
				DEBUG_INFORMATION_FORMAT = "dwarf-with-dsym";
				ENABLE_NS_ASSERTIONS = NO;
				ENABLE_STRICT_OBJC_MSGSEND = YES;
				GCC_C_LANGUAGE_STANDARD = gnu99;
				GCC_NO_COMMON_BLOCKS = YES;
				GCC_WARN_64_TO_32_BIT_CONVERSION = YES;
				GCC_WARN_ABOUT_RETURN_TYPE = YES_ERROR;
				GCC_WARN_UNDECLARED_SELECTOR = YES;
				GCC_WARN_UNINITIALIZED_AUTOS = YES_AGGRESSIVE;
				GCC_WARN_UNUSED_FUNCTION = YES;
				GCC_WARN_UNUSED_VARIABLE = YES;
				IPHONEOS_DEPLOYMENT_TARGET = 9.3;
				MTL_ENABLE_DEBUG_INFO = NO;
				SDKROOT = iphoneos;
				TARGETED_DEVICE_FAMILY = "1,2";
				VALIDATE_PRODUCT = YES;
			};
			name = Release;
		};
		491F95DC1D93561300CB50E6 /* Debug */ = {
			isa = XCBuildConfiguration;
			buildSettings = {
				ASSETCATALOG_COMPILER_APPICON_NAME = AppIcon;
				INFOPLIST_FILE = rssapp/Info.plist;
				LD_RUNPATH_SEARCH_PATHS = "$(inherited) @executable_path/Frameworks";
				PRODUCT_BUNDLE_IDENTIFIER = LLT.rssapp;
				PRODUCT_NAME = "$(TARGET_NAME)";
			};
			name = Debug;
		};
		491F95DD1D93561300CB50E6 /* Release */ = {
			isa = XCBuildConfiguration;
			buildSettings = {
				ASSETCATALOG_COMPILER_APPICON_NAME = AppIcon;
				INFOPLIST_FILE = rssapp/Info.plist;
				LD_RUNPATH_SEARCH_PATHS = "$(inherited) @executable_path/Frameworks";
				PRODUCT_BUNDLE_IDENTIFIER = LLT.rssapp;
				PRODUCT_NAME = "$(TARGET_NAME)";
			};
			name = Release;
		};
		491F95DF1D93561300CB50E6 /* Debug */ = {
			isa = XCBuildConfiguration;
			buildSettings = {
				BUNDLE_LOADER = "$(TEST_HOST)";
				INFOPLIST_FILE = rssappTests/Info.plist;
				LD_RUNPATH_SEARCH_PATHS = "$(inherited) @executable_path/Frameworks @loader_path/Frameworks";
				PRODUCT_BUNDLE_IDENTIFIER = LLT.rssappTests;
				PRODUCT_NAME = "$(TARGET_NAME)";
				TEST_HOST = "$(BUILT_PRODUCTS_DIR)/rssapp.app/rssapp";
			};
			name = Debug;
		};
		491F95E01D93561300CB50E6 /* Release */ = {
			isa = XCBuildConfiguration;
			buildSettings = {
				BUNDLE_LOADER = "$(TEST_HOST)";
				INFOPLIST_FILE = rssappTests/Info.plist;
				LD_RUNPATH_SEARCH_PATHS = "$(inherited) @executable_path/Frameworks @loader_path/Frameworks";
				PRODUCT_BUNDLE_IDENTIFIER = LLT.rssappTests;
				PRODUCT_NAME = "$(TARGET_NAME)";
				TEST_HOST = "$(BUILT_PRODUCTS_DIR)/rssapp.app/rssapp";
			};
			name = Release;
		};
		491F95E21D93561300CB50E6 /* Debug */ = {
			isa = XCBuildConfiguration;
			buildSettings = {
				INFOPLIST_FILE = rssappUITests/Info.plist;
				LD_RUNPATH_SEARCH_PATHS = "$(inherited) @executable_path/Frameworks @loader_path/Frameworks";
				PRODUCT_BUNDLE_IDENTIFIER = LLT.rssappUITests;
				PRODUCT_NAME = "$(TARGET_NAME)";
				TEST_TARGET_NAME = rssapp;
			};
			name = Debug;
		};
		491F95E31D93561300CB50E6 /* Release */ = {
			isa = XCBuildConfiguration;
			buildSettings = {
				INFOPLIST_FILE = rssappUITests/Info.plist;
				LD_RUNPATH_SEARCH_PATHS = "$(inherited) @executable_path/Frameworks @loader_path/Frameworks";
				PRODUCT_BUNDLE_IDENTIFIER = LLT.rssappUITests;
				PRODUCT_NAME = "$(TARGET_NAME)";
				TEST_TARGET_NAME = rssapp;
			};
			name = Release;
		};
/* End XCBuildConfiguration section */

/* Begin XCConfigurationList section */
		491F95AB1D93561300CB50E6 /* Build configuration list for PBXProject "rssapp" */ = {
			isa = XCConfigurationList;
			buildConfigurations = (
				491F95D91D93561300CB50E6 /* Debug */,
				491F95DA1D93561300CB50E6 /* Release */,
			);
			defaultConfigurationIsVisible = 0;
			defaultConfigurationName = Release;
		};
		491F95DB1D93561300CB50E6 /* Build configuration list for PBXNativeTarget "rssapp" */ = {
			isa = XCConfigurationList;
			buildConfigurations = (
				491F95DC1D93561300CB50E6 /* Debug */,
				491F95DD1D93561300CB50E6 /* Release */,
			);
			defaultConfigurationIsVisible = 0;
		};
		491F95DE1D93561300CB50E6 /* Build configuration list for PBXNativeTarget "rssappTests" */ = {
			isa = XCConfigurationList;
			buildConfigurations = (
				491F95DF1D93561300CB50E6 /* Debug */,
				491F95E01D93561300CB50E6 /* Release */,
			);
			defaultConfigurationIsVisible = 0;
		};
		491F95E11D93561300CB50E6 /* Build configuration list for PBXNativeTarget "rssappUITests" */ = {
			isa = XCConfigurationList;
			buildConfigurations = (
				491F95E21D93561300CB50E6 /* Debug */,
				491F95E31D93561300CB50E6 /* Release */,
			);
			defaultConfigurationIsVisible = 0;
		};
/* End XCConfigurationList section */

/* Begin XCVersionGroup section */
		491F95BA1D93561300CB50E6 /* rssapp.xcdatamodeld */ = {
			isa = XCVersionGroup;
			children = (
				491F95BB1D93561300CB50E6 /* rssapp.xcdatamodel */,
			);
			currentVersion = 491F95BB1D93561300CB50E6 /* rssapp.xcdatamodel */;
			path = rssapp.xcdatamodeld;
			sourceTree = "<group>";
			versionGroupType = wrapper.xcdatamodel;
		};
/* End XCVersionGroup section */
	};
	rootObject = 491F95A81D93561300CB50E6 /* Project object */;
}
